
Microsoft Visual Studio Solution File, Format Version 12.00
# Visual Studio Version 17
VisualStudioVersion = 17.10.35004.147
MinimumVisualStudioVersion = 10.0.40219.1
Project("{FAE04EC0-301F-11D3-BF4B-00C04F79EFBC}") = "WindowsFormMethod", "WindowsFormMethod\WindowsFormMethod.csproj", "{2C0EB805-0DD1-4F9A-BB3E-76FE88904AA0}"
EndProject
Global
	GlobalSection(SolutionConfigurationPlatforms) = preSolution
		Debug|Any CPU = Debug|Any CPU
		Release|Any CPU = Release|Any CPU
	EndGlobalSection
	GlobalSection(ProjectConfigurationPlatforms) = postSolution
		{2C0EB805-0DD1-4F9A-BB3E-76FE88904AA0}.Debug|Any CPU.ActiveCfg = Debug|Any CPU
		{2C0EB805-0DD1-4F9A-BB3E-76FE88904AA0}.Debug|Any CPU.Build.0 = Debug|Any CPU
		{2C0EB805-0DD1-4F9A-BB3E-76FE88904AA0}.Release|Any CPU.ActiveCfg = Release|Any CPU
		{2C0EB805-0DD1-4F9A-BB3E-76FE88904AA0}.Release|Any CPU.Build.0 = Release|Any CPU
	EndGlobalSection
	GlobalSection(SolutionProperties) = preSolution
		HideSolutionNode = FALSE
	EndGlobalSection
	GlobalSection(ExtensibilityGlobals) = postSolution
		SolutionGuid = {747AE6ED-D5F2-488F-8D96-DF44FE4B81AF}
	EndGlobalSection
EndGlobal
